dependencies:
- name: ververica-platform
  repository: https://charts.ververica.com
  version: 5.8.2
- name: ververica-platform-crd
  repository: https://charts.ververica.com
  version: 1.0.0
digest: sha256:4e748b6f8c5d5db547275826640b84445908dd093ef7975ceff10d93df5d84a1
generated: "2024-04-24T11:11:48.417257889+02:00"
